
Microsoft Visual Studio Solution File, Format Version 12.00
# Visual Studio Version 17
VisualStudioVersion = 17.9.34902.65
MinimumVisualStudioVersion = 10.0.40219.1
Project("{2150E333-8FDC-42A3-9474-1A3956D46DE8}") = "src", "src", "{A66594E8-0276-423C-A9B4-8A7A36D3984F}"
EndProject
Project("{2150E333-8FDC-42A3-9474-1A3956D46DE8}") = "1 - Microservices", "1 - Microservices", "{8E2BF936-B3D9-41BB-9879-6822BF99551F}"
EndProject
Project("{2150E333-8FDC-42A3-9474-1A3956D46DE8}") = "2 - Domain", "2 - Domain", "{2CC45D33-6F16-495F-953A-FEDA2A58A910}"
EndProject
Project("{2150E333-8FDC-42A3-9474-1A3956D46DE8}") = "3 - Infrastructure", "3 - Infrastructure", "{B499EB6D-C49E-42CB-81E0-2F992DA47433}"
EndProject
Project("{2150E333-8FDC-42A3-9474-1A3956D46DE8}") = "4 - Application", "4 - Application", "{FCE8D5A8-E5A5-44A1-B21B-FA84709E7B33}"
EndProject
Project("{9A19103F-16F7-4668-BE54-9A1E7A4F7556}") = "PCL.Domain", "PCL.Domain\PCL.Domain.csproj", "{B05979B7-256A-44C2-A296-965D853612B2}"
EndProject
Project("{9A19103F-16F7-4668-BE54-9A1E7A4F7556}") = "PCL.Infrastructure", "PCL.Infrastructure\PCL.Infrastructure.csproj", "{864CE07A-9E53-41C3-80E9-4BE633B5FA77}"
EndProject
Project("{9A19103F-16F7-4668-BE54-9A1E7A4F7556}") = "PCL.Application", "PCL.Application\PCL.Application.csproj", "{128EF1D6-0888-49BB-8C0B-570B42C33463}"
EndProject
Project("{9A19103F-16F7-4668-BE54-9A1E7A4F7556}") = "PCL.Pet.API", "PCL.Pet.API\PCL.Pet.API.csproj", "{03D30090-8269-4C09-9285-675A0747421C}"
EndProject
Project("{9A19103F-16F7-4668-BE54-9A1E7A4F7556}") = "PCL.Owner.API", "PCL.Owner.API\PCL.Owner.API.csproj", "{F3D0838C-844E-4165-ACED-EA4140E15304}"
EndProject
Project("{9A19103F-16F7-4668-BE54-9A1E7A4F7556}") = "PCL.VeterinarianManagement.API", "PCL.VeterinarianManagement.API\PCL.VeterinarianManagement.API.csproj", "{BF54821F-54BD-4875-BFCA-D4E76E691877}"
EndProject
Project("{9A19103F-16F7-4668-BE54-9A1E7A4F7556}") = "PCL.EmployeeManagement.API", "PCL.EmployeeManagement.API\PCL.EmployeeManagement.API.csproj", "{80057D80-2934-4F8A-85DA-29D97273F97E}"
EndProject
Project("{9A19103F-16F7-4668-BE54-9A1E7A4F7556}") = "PCL.TrainerManagement.API", "PCL.TrainerManagement.API\PCL.TrainerManagement.API.csproj", "{21F5C14A-B1DE-4BA8-A3AB-86674EEE78EC}"
EndProject
Project("{9A19103F-16F7-4668-BE54-9A1E7A4F7556}") = "PCL.Authentication.API", "PCL.Authentication.API\PCL.Authentication.API.csproj", "{77DF79BA-42F2-4E51-AD44-63A95A7623F3}"
EndProject
Project("{FAE04EC0-301F-11D3-BF4B-00C04F79EFBC}") = "PCL.Ecommerce.API", "PCL.Ecommerce.API\PCL.Ecommerce.API.csproj", "{4B20573E-0246-4CD2-BB6F-3E9D5CC7C350}"
EndProject
Global
	GlobalSection(SolutionConfigurationPlatforms) = preSolution
		Debug|Any CPU = Debug|Any CPU
		Release|Any CPU = Release|Any CPU
	EndGlobalSection
	GlobalSection(ProjectConfigurationPlatforms) = postSolution
		{B05979B7-256A-44C2-A296-965D853612B2}.Debug|Any CPU.ActiveCfg = Debug|Any CPU
		{B05979B7-256A-44C2-A296-965D853612B2}.Debug|Any CPU.Build.0 = Debug|Any CPU
		{B05979B7-256A-44C2-A296-965D853612B2}.Release|Any CPU.ActiveCfg = Release|Any CPU
		{B05979B7-256A-44C2-A296-965D853612B2}.Release|Any CPU.Build.0 = Release|Any CPU
		{864CE07A-9E53-41C3-80E9-4BE633B5FA77}.Debug|Any CPU.ActiveCfg = Debug|Any CPU
		{864CE07A-9E53-41C3-80E9-4BE633B5FA77}.Debug|Any CPU.Build.0 = Debug|Any CPU
		{864CE07A-9E53-41C3-80E9-4BE633B5FA77}.Release|Any CPU.ActiveCfg = Release|Any CPU
		{864CE07A-9E53-41C3-80E9-4BE633B5FA77}.Release|Any CPU.Build.0 = Release|Any CPU
		{128EF1D6-0888-49BB-8C0B-570B42C33463}.Debug|Any CPU.ActiveCfg = Debug|Any CPU
		{128EF1D6-0888-49BB-8C0B-570B42C33463}.Debug|Any CPU.Build.0 = Debug|Any CPU
		{128EF1D6-0888-49BB-8C0B-570B42C33463}.Release|Any CPU.ActiveCfg = Release|Any CPU
		{128EF1D6-0888-49BB-8C0B-570B42C33463}.Release|Any CPU.Build.0 = Release|Any CPU
		{03D30090-8269-4C09-9285-675A0747421C}.Debug|Any CPU.ActiveCfg = Debug|Any CPU
		{03D30090-8269-4C09-9285-675A0747421C}.Debug|Any CPU.Build.0 = Debug|Any CPU
		{03D30090-8269-4C09-9285-675A0747421C}.Release|Any CPU.ActiveCfg = Release|Any CPU
		{03D30090-8269-4C09-9285-675A0747421C}.Release|Any CPU.Build.0 = Release|Any CPU
		{F3D0838C-844E-4165-ACED-EA4140E15304}.Debug|Any CPU.ActiveCfg = Debug|Any CPU
		{F3D0838C-844E-4165-ACED-EA4140E15304}.Debug|Any CPU.Build.0 = Debug|Any CPU
		{F3D0838C-844E-4165-ACED-EA4140E15304}.Release|Any CPU.ActiveCfg = Release|Any CPU
		{F3D0838C-844E-4165-ACED-EA4140E15304}.Release|Any CPU.Build.0 = Release|Any CPU
		{BF54821F-54BD-4875-BFCA-D4E76E691877}.Debug|Any CPU.ActiveCfg = Debug|Any CPU
		{BF54821F-54BD-4875-BFCA-D4E76E691877}.Debug|Any CPU.Build.0 = Debug|Any CPU
		{BF54821F-54BD-4875-BFCA-D4E76E691877}.Release|Any CPU.ActiveCfg = Release|Any CPU
		{BF54821F-54BD-4875-BFCA-D4E76E691877}.Release|Any CPU.Build.0 = Release|Any CPU
		{80057D80-2934-4F8A-85DA-29D97273F97E}.Debug|Any CPU.ActiveCfg = Debug|Any CPU
		{80057D80-2934-4F8A-85DA-29D97273F97E}.Debug|Any CPU.Build.0 = Debug|Any CPU
		{80057D80-2934-4F8A-85DA-29D97273F97E}.Release|Any CPU.ActiveCfg = Release|Any CPU
		{80057D80-2934-4F8A-85DA-29D97273F97E}.Release|Any CPU.Build.0 = Release|Any CPU
		{21F5C14A-B1DE-4BA8-A3AB-86674EEE78EC}.Debug|Any CPU.ActiveCfg = Debug|Any CPU
		{21F5C14A-B1DE-4BA8-A3AB-86674EEE78EC}.Debug|Any CPU.Build.0 = Debug|Any CPU
		{21F5C14A-B1DE-4BA8-A3AB-86674EEE78EC}.Release|Any CPU.ActiveCfg = Release|Any CPU
		{21F5C14A-B1DE-4BA8-A3AB-86674EEE78EC}.Release|Any CPU.Build.0 = Release|Any CPU
		{77DF79BA-42F2-4E51-AD44-63A95A7623F3}.Debug|Any CPU.ActiveCfg = Debug|Any CPU
		{77DF79BA-42F2-4E51-AD44-63A95A7623F3}.Debug|Any CPU.Build.0 = Debug|Any CPU
		{77DF79BA-42F2-4E51-AD44-63A95A7623F3}.Release|Any CPU.ActiveCfg = Release|Any CPU
		{77DF79BA-42F2-4E51-AD44-63A95A7623F3}.Release|Any CPU.Build.0 = Release|Any CPU
		{4B20573E-0246-4CD2-BB6F-3E9D5CC7C350}.Debug|Any CPU.ActiveCfg = Debug|Any CPU
		{4B20573E-0246-4CD2-BB6F-3E9D5CC7C350}.Debug|Any CPU.Build.0 = Debug|Any CPU
		{4B20573E-0246-4CD2-BB6F-3E9D5CC7C350}.Release|Any CPU.ActiveCfg = Release|Any CPU
		{4B20573E-0246-4CD2-BB6F-3E9D5CC7C350}.Release|Any CPU.Build.0 = Release|Any CPU
	EndGlobalSection
	GlobalSection(SolutionProperties) = preSolution
		HideSolutionNode = FALSE
	EndGlobalSection
	GlobalSection(NestedProjects) = preSolution
		{8E2BF936-B3D9-41BB-9879-6822BF99551F} = {A66594E8-0276-423C-A9B4-8A7A36D3984F}
		{2CC45D33-6F16-495F-953A-FEDA2A58A910} = {A66594E8-0276-423C-A9B4-8A7A36D3984F}
		{B499EB6D-C49E-42CB-81E0-2F992DA47433} = {A66594E8-0276-423C-A9B4-8A7A36D3984F}
		{FCE8D5A8-E5A5-44A1-B21B-FA84709E7B33} = {A66594E8-0276-423C-A9B4-8A7A36D3984F}
		{B05979B7-256A-44C2-A296-965D853612B2} = {2CC45D33-6F16-495F-953A-FEDA2A58A910}
		{864CE07A-9E53-41C3-80E9-4BE633B5FA77} = {B499EB6D-C49E-42CB-81E0-2F992DA47433}
		{128EF1D6-0888-49BB-8C0B-570B42C33463} = {FCE8D5A8-E5A5-44A1-B21B-FA84709E7B33}
		{03D30090-8269-4C09-9285-675A0747421C} = {8E2BF936-B3D9-41BB-9879-6822BF99551F}
		{F3D0838C-844E-4165-ACED-EA4140E15304} = {8E2BF936-B3D9-41BB-9879-6822BF99551F}
		{BF54821F-54BD-4875-BFCA-D4E76E691877} = {8E2BF936-B3D9-41BB-9879-6822BF99551F}
		{80057D80-2934-4F8A-85DA-29D97273F97E} = {8E2BF936-B3D9-41BB-9879-6822BF99551F}
		{21F5C14A-B1DE-4BA8-A3AB-86674EEE78EC} = {8E2BF936-B3D9-41BB-9879-6822BF99551F}
		{77DF79BA-42F2-4E51-AD44-63A95A7623F3} = {8E2BF936-B3D9-41BB-9879-6822BF99551F}
		{4B20573E-0246-4CD2-BB6F-3E9D5CC7C350} = {8E2BF936-B3D9-41BB-9879-6822BF99551F}
	EndGlobalSection
	GlobalSection(ExtensibilityGlobals) = postSolution
		SolutionGuid = {0E30B240-4E13-4F74-BA1F-FDC0DF9A64DF}
	EndGlobalSection
EndGlobal
